
Microsoft Visual Studio Solution File, Format Version 12.00
# Visual Studio 14
VisualStudioVersion = 14.0.25420.1
MinimumVisualStudioVersion = 10.0.40219.1
Project("{FAE04EC0-301F-11D3-BF4B-00C04F79EFBC}") = "CURD", "CURD\CURD.csproj", "{E817CF55-14A7-43BF-BC08-6242C6DF1A7F}"
EndProject
Project("{2150E333-8FDC-42A3-9474-1A3956D46DE8}") = "Business", "Business", "{40DBF946-2031-48D6-A6D0-439B6F612135}"
EndProject
Project("{2150E333-8FDC-42A3-9474-1A3956D46DE8}") = "Database", "Database", "{0314F34B-E6F1-4A60-8BFB-60C57ECC7C56}"
EndProject
Project("{FAE04EC0-301F-11D3-BF4B-00C04F79EFBC}") = "CURDAPI", "CURDAPI\CURDAPI.csproj", "{40AD86AE-2C12-438E-A607-7D2A9E7BF642}"
EndProject
Project("{FAE04EC0-301F-11D3-BF4B-00C04F79EFBC}") = "CURD.Domain", "CURD.Domain\CURD.Domain.csproj", "{A8B6C461-2BA0-4016-B868-6E4659CA8BBB}"
EndProject
Project("{FAE04EC0-301F-11D3-BF4B-00C04F79EFBC}") = "CURD.Migration", "CURD.Migration\CURD.Migration.csproj", "{794E3AF9-120F-4A36-89FF-9CA971E82FF4}"
EndProject
Project("{FAE04EC0-301F-11D3-BF4B-00C04F79EFBC}") = "CURD.Business", "CURD.Business\CURD.Business.csproj", "{A5EEA603-665D-4213-A478-CADBC95D8D11}"
EndProject
Project("{FAE04EC0-301F-11D3-BF4B-00C04F79EFBC}") = "CURD.Contract", "CURD.Contract\CURD.Contract.csproj", "{37794ABF-328D-41E2-965C-715E73154FAD}"
EndProject
Project("{FAE04EC0-301F-11D3-BF4B-00C04F79EFBC}") = "CURD.DAL", "CURD.DAL\CURD.DAL.csproj", "{B091CCA6-E0ED-47E3-8DFC-BB21EF4E88E9}"
EndProject
Project("{FAE04EC0-301F-11D3-BF4B-00C04F79EFBC}") = "CURD.Service", "CURD.Service\CURD.Service.csproj", "{C272F99D-A204-4D9C-AD4C-FAD58D799185}"
EndProject
Global
	GlobalSection(SolutionConfigurationPlatforms) = preSolution
		Debug|Any CPU = Debug|Any CPU
		Release|Any CPU = Release|Any CPU
	EndGlobalSection
	GlobalSection(ProjectConfigurationPlatforms) = postSolution
		{E817CF55-14A7-43BF-BC08-6242C6DF1A7F}.Debug|Any CPU.ActiveCfg = Debug|Any CPU
		{E817CF55-14A7-43BF-BC08-6242C6DF1A7F}.Debug|Any CPU.Build.0 = Debug|Any CPU
		{E817CF55-14A7-43BF-BC08-6242C6DF1A7F}.Release|Any CPU.ActiveCfg = Release|Any CPU
		{E817CF55-14A7-43BF-BC08-6242C6DF1A7F}.Release|Any CPU.Build.0 = Release|Any CPU
		{40AD86AE-2C12-438E-A607-7D2A9E7BF642}.Debug|Any CPU.ActiveCfg = Debug|Any CPU
		{40AD86AE-2C12-438E-A607-7D2A9E7BF642}.Debug|Any CPU.Build.0 = Debug|Any CPU
		{40AD86AE-2C12-438E-A607-7D2A9E7BF642}.Release|Any CPU.ActiveCfg = Release|Any CPU
		{40AD86AE-2C12-438E-A607-7D2A9E7BF642}.Release|Any CPU.Build.0 = Release|Any CPU
		{A8B6C461-2BA0-4016-B868-6E4659CA8BBB}.Debug|Any CPU.ActiveCfg = Debug|Any CPU
		{A8B6C461-2BA0-4016-B868-6E4659CA8BBB}.Debug|Any CPU.Build.0 = Debug|Any CPU
		{A8B6C461-2BA0-4016-B868-6E4659CA8BBB}.Release|Any CPU.ActiveCfg = Release|Any CPU
		{A8B6C461-2BA0-4016-B868-6E4659CA8BBB}.Release|Any CPU.Build.0 = Release|Any CPU
		{794E3AF9-120F-4A36-89FF-9CA971E82FF4}.Debug|Any CPU.ActiveCfg = Debug|Any CPU
		{794E3AF9-120F-4A36-89FF-9CA971E82FF4}.Debug|Any CPU.Build.0 = Debug|Any CPU
		{794E3AF9-120F-4A36-89FF-9CA971E82FF4}.Release|Any CPU.ActiveCfg = Release|Any CPU
		{794E3AF9-120F-4A36-89FF-9CA971E82FF4}.Release|Any CPU.Build.0 = Release|Any CPU
		{A5EEA603-665D-4213-A478-CADBC95D8D11}.Debug|Any CPU.ActiveCfg = Debug|Any CPU
		{A5EEA603-665D-4213-A478-CADBC95D8D11}.Debug|Any CPU.Build.0 = Debug|Any CPU
		{A5EEA603-665D-4213-A478-CADBC95D8D11}.Release|Any CPU.ActiveCfg = Release|Any CPU
		{A5EEA603-665D-4213-A478-CADBC95D8D11}.Release|Any CPU.Build.0 = Release|Any CPU
		{37794ABF-328D-41E2-965C-715E73154FAD}.Debug|Any CPU.ActiveCfg = Debug|Any CPU
		{37794ABF-328D-41E2-965C-715E73154FAD}.Debug|Any CPU.Build.0 = Debug|Any CPU
		{37794ABF-328D-41E2-965C-715E73154FAD}.Release|Any CPU.ActiveCfg = Release|Any CPU
		{37794ABF-328D-41E2-965C-715E73154FAD}.Release|Any CPU.Build.0 = Release|Any CPU
		{B091CCA6-E0ED-47E3-8DFC-BB21EF4E88E9}.Debug|Any CPU.ActiveCfg = Debug|Any CPU
		{B091CCA6-E0ED-47E3-8DFC-BB21EF4E88E9}.Debug|Any CPU.Build.0 = Debug|Any CPU
		{B091CCA6-E0ED-47E3-8DFC-BB21EF4E88E9}.Release|Any CPU.ActiveCfg = Release|Any CPU
		{B091CCA6-E0ED-47E3-8DFC-BB21EF4E88E9}.Release|Any CPU.Build.0 = Release|Any CPU
		{C272F99D-A204-4D9C-AD4C-FAD58D799185}.Debug|Any CPU.ActiveCfg = Debug|Any CPU
		{C272F99D-A204-4D9C-AD4C-FAD58D799185}.Debug|Any CPU.Build.0 = Debug|Any CPU
		{C272F99D-A204-4D9C-AD4C-FAD58D799185}.Release|Any CPU.ActiveCfg = Release|Any CPU
		{C272F99D-A204-4D9C-AD4C-FAD58D799185}.Release|Any CPU.Build.0 = Release|Any CPU
	EndGlobalSection
	GlobalSection(SolutionProperties) = preSolution
		HideSolutionNode = FALSE
	EndGlobalSection
	GlobalSection(NestedProjects) = preSolution
		{A8B6C461-2BA0-4016-B868-6E4659CA8BBB} = {0314F34B-E6F1-4A60-8BFB-60C57ECC7C56}
		{794E3AF9-120F-4A36-89FF-9CA971E82FF4} = {0314F34B-E6F1-4A60-8BFB-60C57ECC7C56}
		{A5EEA603-665D-4213-A478-CADBC95D8D11} = {40DBF946-2031-48D6-A6D0-439B6F612135}
		{37794ABF-328D-41E2-965C-715E73154FAD} = {40DBF946-2031-48D6-A6D0-439B6F612135}
		{B091CCA6-E0ED-47E3-8DFC-BB21EF4E88E9} = {40DBF946-2031-48D6-A6D0-439B6F612135}
		{C272F99D-A204-4D9C-AD4C-FAD58D799185} = {40DBF946-2031-48D6-A6D0-439B6F612135}
	EndGlobalSection
EndGlobal
